
Microsoft Visual Studio Solution File, Format Version 12.00
# Visual Studio 2013
VisualStudioVersion = 12.0.31101.0
MinimumVisualStudioVersion = 10.0.40219.1
Project("{FAE04EC0-301F-11D3-BF4B-00C04F79EFBC}") = "hal-generator", "hal-generator\hal-generator.csproj", "{44E36844-9BF8-4B4C-B00B-F7BE9500124E}"
EndProject
Project("{FAE04EC0-301F-11D3-BF4B-00C04F79EFBC}") = "NetFRC", "NetFRC\NetFRC.csproj", "{1B2D6F99-E0D8-49F6-A625-6F3A5609C707}"
EndProject
Project("{FAE04EC0-301F-11D3-BF4B-00C04F79EFBC}") = "DeployRobot", "DeployRobot\DeployRobot.csproj", "{3D909500-97D6-4F73-B645-E7D4A0D247AE}"
EndProject
Project("{FAE04EC0-301F-11D3-BF4B-00C04F79EFBC}") = "RobotDotNetBuildTasks", "RobotDotNetBuildTasks\RobotDotNetBuildTasks.csproj", "{5DA967B7-F0AB-4A2F-8705-AE4F4D4AFB26}"
EndProject
Project("{FAE04EC0-301F-11D3-BF4B-00C04F79EFBC}") = "TemplatePatcher", "TemplatePatcher\TemplatePatcher.csproj", "{D24E5371-C148-4CE2-8594-B990532E4D06}"
EndProject
Project("{FAE04EC0-301F-11D3-BF4B-00C04F79EFBC}") = "RoboRIO Tool", "RoboRIO Tool\RoboRIO Tool.csproj", "{C08B8344-5322-41D6-81CC-56C431003562}"
EndProject
Global
	GlobalSection(SolutionConfigurationPlatforms) = preSolution
		Debug|Any CPU = Debug|Any CPU
		Release|Any CPU = Release|Any CPU
	EndGlobalSection
	GlobalSection(ProjectConfigurationPlatforms) = postSolution
		{44E36844-9BF8-4B4C-B00B-F7BE9500124E}.Debug|Any CPU.ActiveCfg = Debug|Any CPU
		{44E36844-9BF8-4B4C-B00B-F7BE9500124E}.Debug|Any CPU.Build.0 = Debug|Any CPU
		{44E36844-9BF8-4B4C-B00B-F7BE9500124E}.Release|Any CPU.ActiveCfg = Release|Any CPU
		{44E36844-9BF8-4B4C-B00B-F7BE9500124E}.Release|Any CPU.Build.0 = Release|Any CPU
		{1B2D6F99-E0D8-49F6-A625-6F3A5609C707}.Debug|Any CPU.ActiveCfg = Debug|Any CPU
		{1B2D6F99-E0D8-49F6-A625-6F3A5609C707}.Debug|Any CPU.Build.0 = Debug|Any CPU
		{1B2D6F99-E0D8-49F6-A625-6F3A5609C707}.Release|Any CPU.ActiveCfg = Release|Any CPU
		{1B2D6F99-E0D8-49F6-A625-6F3A5609C707}.Release|Any CPU.Build.0 = Release|Any CPU
		{3D909500-97D6-4F73-B645-E7D4A0D247AE}.Debug|Any CPU.ActiveCfg = Debug|Any CPU
		{3D909500-97D6-4F73-B645-E7D4A0D247AE}.Debug|Any CPU.Build.0 = Debug|Any CPU
		{3D909500-97D6-4F73-B645-E7D4A0D247AE}.Release|Any CPU.ActiveCfg = Release|Any CPU
		{3D909500-97D6-4F73-B645-E7D4A0D247AE}.Release|Any CPU.Build.0 = Release|Any CPU
		{5DA967B7-F0AB-4A2F-8705-AE4F4D4AFB26}.Debug|Any CPU.ActiveCfg = Debug|Any CPU
		{5DA967B7-F0AB-4A2F-8705-AE4F4D4AFB26}.Debug|Any CPU.Build.0 = Debug|Any CPU
		{5DA967B7-F0AB-4A2F-8705-AE4F4D4AFB26}.Release|Any CPU.ActiveCfg = Release|Any CPU
		{5DA967B7-F0AB-4A2F-8705-AE4F4D4AFB26}.Release|Any CPU.Build.0 = Release|Any CPU
		{D24E5371-C148-4CE2-8594-B990532E4D06}.Debug|Any CPU.ActiveCfg = Debug|Any CPU
		{D24E5371-C148-4CE2-8594-B990532E4D06}.Debug|Any CPU.Build.0 = Debug|Any CPU
		{D24E5371-C148-4CE2-8594-B990532E4D06}.Release|Any CPU.ActiveCfg = Release|Any CPU
		{D24E5371-C148-4CE2-8594-B990532E4D06}.Release|Any CPU.Build.0 = Release|Any CPU
		{C08B8344-5322-41D6-81CC-56C431003562}.Debug|Any CPU.ActiveCfg = Debug|Any CPU
		{C08B8344-5322-41D6-81CC-56C431003562}.Debug|Any CPU.Build.0 = Debug|Any CPU
		{C08B8344-5322-41D6-81CC-56C431003562}.Release|Any CPU.ActiveCfg = Release|Any CPU
		{C08B8344-5322-41D6-81CC-56C431003562}.Release|Any CPU.Build.0 = Release|Any CPU
	EndGlobalSection
	GlobalSection(SolutionProperties) = preSolution
		HideSolutionNode = FALSE
	EndGlobalSection
EndGlobal
